
Microsoft Visual Studio Solution File, Format Version 12.00
# Visual Studio Version 17
VisualStudioVersion = 17.3.32804.467
MinimumVisualStudioVersion = 10.0.40219.1
Project("{FAE04EC0-301F-11D3-BF4B-00C04F79EFBC}") = "temp", "temp.csproj", "{12A9D58E-41E5-49B4-8908-6F440EB13417}"
EndProject
Global
	GlobalSection(SolutionConfigurationPlatforms) = preSolution
		Debug|Any CPU = Debug|Any CPU
		Release|Any CPU = Release|Any CPU
	EndGlobalSection
	GlobalSection(ProjectConfigurationPlatforms) = postSolution
		{12A9D58E-41E5-49B4-8908-6F440EB13417}.Debug|Any CPU.ActiveCfg = Debug|Any CPU
		{12A9D58E-41E5-49B4-8908-6F440EB13417}.Debug|Any CPU.Build.0 = Debug|Any CPU
		{12A9D58E-41E5-49B4-8908-6F440EB13417}.Release|Any CPU.ActiveCfg = Release|Any CPU
		{12A9D58E-41E5-49B4-8908-6F440EB13417}.Release|Any CPU.Build.0 = Release|Any CPU
	EndGlobalSection
	GlobalSection(SolutionProperties) = preSolution
		HideSolutionNode = FALSE
	EndGlobalSection
	GlobalSection(ExtensibilityGlobals) = postSolution
		SolutionGuid = {BE0E1260-AF41-4F5F-86E7-8168D76DC2EA}
	EndGlobalSection
EndGlobal
